
Microsoft Visual Studio Solution File, Format Version 11.00
# Visual C# Express 2010
Project("{FAE04EC0-301F-11D3-BF4B-00C04F79EFBC}") = "ProcessMemory", "ProcessMemory\ProcessMemory.csproj", "{17C86213-6549-4BD9-9720-1ED16CFA1DB3}"
EndProject
Global
	GlobalSection(SolutionConfigurationPlatforms) = preSolution
		Debug|Any CPU = Debug|Any CPU
		Release|Any CPU = Release|Any CPU
	EndGlobalSection
	GlobalSection(ProjectConfigurationPlatforms) = postSolution
		{17C86213-6549-4BD9-9720-1ED16CFA1DB3}.Debug|Any CPU.ActiveCfg = Debug|Any CPU
		{17C86213-6549-4BD9-9720-1ED16CFA1DB3}.Debug|Any CPU.Build.0 = Debug|Any CPU
		{17C86213-6549-4BD9-9720-1ED16CFA1DB3}.Release|Any CPU.ActiveCfg = Release|Any CPU
		{17C86213-6549-4BD9-9720-1ED16CFA1DB3}.Release|Any CPU.Build.0 = Release|Any CPU
	EndGlobalSection
	GlobalSection(SolutionProperties) = preSolution
		HideSolutionNode = FALSE
	EndGlobalSection
EndGlobal
